
Microsoft Visual Studio Solution File, Format Version 12.00
# Visual Studio 15
VisualStudioVersion = 15.0.27130.2010
MinimumVisualStudioVersion = 10.0.40219.1
Project("{9A19103F-16F7-4668-BE54-9A1E7A4F7556}") = "ci-demo-api", "ci-demo-api\ci-demo-api.csproj", "{9AF8362E-374F-4D3E-89F2-F7CA386EB796}"
EndProject
Project("{9A19103F-16F7-4668-BE54-9A1E7A4F7556}") = "ci-demo-api-tests", "ci-demo-api-tests\ci-demo-api-tests.csproj", "{16C968E0-6899-4964-B6D0-6DE41CB1424C}"
EndProject
Global
	GlobalSection(SolutionConfigurationPlatforms) = preSolution
		Debug|Any CPU = Debug|Any CPU
		Release|Any CPU = Release|Any CPU
	EndGlobalSection
	GlobalSection(ProjectConfigurationPlatforms) = postSolution
		{9AF8362E-374F-4D3E-89F2-F7CA386EB796}.Debug|Any CPU.ActiveCfg = Debug|Any CPU
		{9AF8362E-374F-4D3E-89F2-F7CA386EB796}.Debug|Any CPU.Build.0 = Debug|Any CPU
		{9AF8362E-374F-4D3E-89F2-F7CA386EB796}.Release|Any CPU.ActiveCfg = Release|Any CPU
		{9AF8362E-374F-4D3E-89F2-F7CA386EB796}.Release|Any CPU.Build.0 = Release|Any CPU
		{16C968E0-6899-4964-B6D0-6DE41CB1424C}.Debug|Any CPU.ActiveCfg = Debug|Any CPU
		{16C968E0-6899-4964-B6D0-6DE41CB1424C}.Debug|Any CPU.Build.0 = Debug|Any CPU
		{16C968E0-6899-4964-B6D0-6DE41CB1424C}.Release|Any CPU.ActiveCfg = Release|Any CPU
		{16C968E0-6899-4964-B6D0-6DE41CB1424C}.Release|Any CPU.Build.0 = Release|Any CPU
	EndGlobalSection
	GlobalSection(SolutionProperties) = preSolution
		HideSolutionNode = FALSE
	EndGlobalSection
	GlobalSection(ExtensibilityGlobals) = postSolution
		SolutionGuid = {1C9E7CCC-596B-49F4-A7D9-E2578B91B05C}
	EndGlobalSection
EndGlobal
